
Microsoft Visual Studio Solution File, Format Version 12.00
# Visual Studio Version 16
VisualStudioVersion = 16.0.31005.135
MinimumVisualStudioVersion = 10.0.40219.1
Project("{9A19103F-16F7-4668-BE54-9A1E7A4F7556}") = "BlazorBattleApp.Server", "Server\BlazorBattleApp.Server.csproj", "{475BD344-29D4-479F-98E0-0725AD1E1669}"
EndProject
Project("{9A19103F-16F7-4668-BE54-9A1E7A4F7556}") = "BlazorBattleApp.Client", "Client\BlazorBattleApp.Client.csproj", "{7C6603EC-455A-4955-894D-FC492C2DAA5C}"
EndProject
Project("{9A19103F-16F7-4668-BE54-9A1E7A4F7556}") = "BlazorBattleApp.Shared", "Shared\BlazorBattleApp.Shared.csproj", "{902F6E33-D879-4CDE-A557-8DC5D7D45C67}"
EndProject
Global
	GlobalSection(SolutionConfigurationPlatforms) = preSolution
		Debug|Any CPU = Debug|Any CPU
		Release|Any CPU = Release|Any CPU
	EndGlobalSection
	GlobalSection(ProjectConfigurationPlatforms) = postSolution
		{475BD344-29D4-479F-98E0-0725AD1E1669}.Debug|Any CPU.ActiveCfg = Debug|Any CPU
		{475BD344-29D4-479F-98E0-0725AD1E1669}.Debug|Any CPU.Build.0 = Debug|Any CPU
		{475BD344-29D4-479F-98E0-0725AD1E1669}.Release|Any CPU.ActiveCfg = Release|Any CPU
		{475BD344-29D4-479F-98E0-0725AD1E1669}.Release|Any CPU.Build.0 = Release|Any CPU
		{7C6603EC-455A-4955-894D-FC492C2DAA5C}.Debug|Any CPU.ActiveCfg = Debug|Any CPU
		{7C6603EC-455A-4955-894D-FC492C2DAA5C}.Debug|Any CPU.Build.0 = Debug|Any CPU
		{7C6603EC-455A-4955-894D-FC492C2DAA5C}.Release|Any CPU.ActiveCfg = Release|Any CPU
		{7C6603EC-455A-4955-894D-FC492C2DAA5C}.Release|Any CPU.Build.0 = Release|Any CPU
		{902F6E33-D879-4CDE-A557-8DC5D7D45C67}.Debug|Any CPU.ActiveCfg = Debug|Any CPU
		{902F6E33-D879-4CDE-A557-8DC5D7D45C67}.Debug|Any CPU.Build.0 = Debug|Any CPU
		{902F6E33-D879-4CDE-A557-8DC5D7D45C67}.Release|Any CPU.ActiveCfg = Release|Any CPU
		{902F6E33-D879-4CDE-A557-8DC5D7D45C67}.Release|Any CPU.Build.0 = Release|Any CPU
	EndGlobalSection
	GlobalSection(SolutionProperties) = preSolution
		HideSolutionNode = FALSE
	EndGlobalSection
	GlobalSection(ExtensibilityGlobals) = postSolution
		SolutionGuid = {609F15CD-E124-4D3F-A761-CB99F125A094}
	EndGlobalSection
EndGlobal
